{
    "name": "enhanced-electron-template",
    "version": "0.0.11",
    "lockfileVersion": 3,
    "requires": true,
    "packages": {
        "": {
            "name": "enhanced-electron-template",
            "version": "0.0.11",
            "hasInstallScript": true,
            "license": "MIT"
        }
    }
}
